
Microsoft Visual Studio Solution File, Format Version 12.00
# Visual Studio Version 17
VisualStudioVersion = 17.8.34330.188
MinimumVisualStudioVersion = 10.0.40219.1
Project("{888888A0-9F3D-457C-B088-3A5042F75D52}") = "q4", "q4\q4.pyproj", "{C916931B-A24E-4EC9-88E2-B1EECD4AF830}"
EndProject
Global
	GlobalSection(SolutionConfigurationPlatforms) = preSolution
		Debug|Any CPU = Debug|Any CPU
		Release|Any CPU = Release|Any CPU
	EndGlobalSection
	GlobalSection(ProjectConfigurationPlatforms) = postSolution
		{C916931B-A24E-4EC9-88E2-B1EECD4AF830}.Debug|Any CPU.ActiveCfg = Debug|Any CPU
		{C916931B-A24E-4EC9-88E2-B1EECD4AF830}.Release|Any CPU.ActiveCfg = Release|Any CPU
	EndGlobalSection
	GlobalSection(SolutionProperties) = preSolution
		HideSolutionNode = FALSE
	EndGlobalSection
	GlobalSection(ExtensibilityGlobals) = postSolution
		SolutionGuid = {CF36965F-288C-40E8-A7B5-31F7FF66A368}
	EndGlobalSection
EndGlobal
